
Microsoft Visual Studio Solution File, Format Version 12.00
# Visual Studio Version 16
VisualStudioVersion = 16.0.30517.126
MinimumVisualStudioVersion = 10.0.40219.1
Project("{FAE04EC0-301F-11D3-BF4B-00C04F79EFBC}") = "ConsoleApp1", "ConsoleApp1.csproj", "{BA201BB3-3AC4-4CE5-8F69-95BB4B74CCD5}"
EndProject
Global
	GlobalSection(SolutionConfigurationPlatforms) = preSolution
		Debug|Any CPU = Debug|Any CPU
		Release|Any CPU = Release|Any CPU
	EndGlobalSection
	GlobalSection(ProjectConfigurationPlatforms) = postSolution
		{BA201BB3-3AC4-4CE5-8F69-95BB4B74CCD5}.Debug|Any CPU.ActiveCfg = Debug|Any CPU
		{BA201BB3-3AC4-4CE5-8F69-95BB4B74CCD5}.Debug|Any CPU.Build.0 = Debug|Any CPU
		{BA201BB3-3AC4-4CE5-8F69-95BB4B74CCD5}.Release|Any CPU.ActiveCfg = Release|Any CPU
		{BA201BB3-3AC4-4CE5-8F69-95BB4B74CCD5}.Release|Any CPU.Build.0 = Release|Any CPU
	EndGlobalSection
	GlobalSection(SolutionProperties) = preSolution
		HideSolutionNode = FALSE
	EndGlobalSection
	GlobalSection(ExtensibilityGlobals) = postSolution
		SolutionGuid = {F7C05E1C-EE5C-402A-8CEF-891C70FF33FC}
	EndGlobalSection
EndGlobal
